
Microsoft Visual Studio Solution File, Format Version 12.00
# Visual Studio 14
VisualStudioVersion = 14.0.25420.1
MinimumVisualStudioVersion = 10.0.40219.1
Project("{FAE04EC0-301F-11D3-BF4B-00C04F79EFBC}") = "11.4 EF代码优先作业", "11.4\11.4 EF代码优先作业.csproj", "{CEB6A03B-934D-4B3F-8C2A-6E955E344510}"
EndProject
Global
	GlobalSection(SolutionConfigurationPlatforms) = preSolution
		Debug|Any CPU = Debug|Any CPU
		Release|Any CPU = Release|Any CPU
	EndGlobalSection
	GlobalSection(ProjectConfigurationPlatforms) = postSolution
		{CEB6A03B-934D-4B3F-8C2A-6E955E344510}.Debug|Any CPU.ActiveCfg = Debug|Any CPU
		{CEB6A03B-934D-4B3F-8C2A-6E955E344510}.Debug|Any CPU.Build.0 = Debug|Any CPU
		{CEB6A03B-934D-4B3F-8C2A-6E955E344510}.Release|Any CPU.ActiveCfg = Release|Any CPU
		{CEB6A03B-934D-4B3F-8C2A-6E955E344510}.Release|Any CPU.Build.0 = Release|Any CPU
	EndGlobalSection
	GlobalSection(SolutionProperties) = preSolution
		HideSolutionNode = FALSE
	EndGlobalSection
EndGlobal
