
Microsoft Visual Studio Solution File, Format Version 12.00
# Visual Studio 15
VisualStudioVersion = 15.0.28010.2050
MinimumVisualStudioVersion = 10.0.40219.1
Project("{FAE04EC0-301F-11D3-BF4B-00C04F79EFBC}") = "MusicStoreEntity", "MusicStoreEntity\MusicStoreEntity.csproj", "{4D28228B-FEC4-4BF2-8E0A-4EDCB9D08E2A}"
EndProject
Project("{FAE04EC0-301F-11D3-BF4B-00C04F79EFBC}") = "MusicStore", "MusicStore\MusicStore.csproj", "{933EA7B7-A614-4A33-A44F-AAD9E1F41945}"
EndProject
Global
	GlobalSection(SolutionConfigurationPlatforms) = preSolution
		Debug|Any CPU = Debug|Any CPU
		Release|Any CPU = Release|Any CPU
	EndGlobalSection
	GlobalSection(ProjectConfigurationPlatforms) = postSolution
		{4D28228B-FEC4-4BF2-8E0A-4EDCB9D08E2A}.Debug|Any CPU.ActiveCfg = Debug|Any CPU
		{4D28228B-FEC4-4BF2-8E0A-4EDCB9D08E2A}.Debug|Any CPU.Build.0 = Debug|Any CPU
		{4D28228B-FEC4-4BF2-8E0A-4EDCB9D08E2A}.Release|Any CPU.ActiveCfg = Release|Any CPU
		{4D28228B-FEC4-4BF2-8E0A-4EDCB9D08E2A}.Release|Any CPU.Build.0 = Release|Any CPU
		{933EA7B7-A614-4A33-A44F-AAD9E1F41945}.Debug|Any CPU.ActiveCfg = Debug|Any CPU
		{933EA7B7-A614-4A33-A44F-AAD9E1F41945}.Debug|Any CPU.Build.0 = Debug|Any CPU
		{933EA7B7-A614-4A33-A44F-AAD9E1F41945}.Release|Any CPU.ActiveCfg = Release|Any CPU
		{933EA7B7-A614-4A33-A44F-AAD9E1F41945}.Release|Any CPU.Build.0 = Release|Any CPU
	EndGlobalSection
	GlobalSection(SolutionProperties) = preSolution
		HideSolutionNode = FALSE
	EndGlobalSection
	GlobalSection(ExtensibilityGlobals) = postSolution
		SolutionGuid = {36C4C32E-0F89-47C6-9013-461B46F8AB10}
	EndGlobalSection
EndGlobal
