
Microsoft Visual Studio Solution File, Format Version 12.00
# Visual Studio 14
VisualStudioVersion = 14.0.25420.1
MinimumVisualStudioVersion = 10.0.40219.1
Project("{FAE04EC0-301F-11D3-BF4B-00C04F79EFBC}") = "11-9ASP.net", "11-9ASP.net\11-9ASP.net.csproj", "{F9D87126-5699-4DE3-A981-EF0EA726CEBB}"
EndProject
Project("{FAE04EC0-301F-11D3-BF4B-00C04F79EFBC}") = "Entities", "Entities\Entities.csproj", "{DE16E43A-D91A-40A7-AD36-DAE9F1E499DB}"
EndProject
Project("{FAE04EC0-301F-11D3-BF4B-00C04F79EFBC}") = "DataContext", "DataContent\DataContext.csproj", "{FD356E29-FA5C-4715-86DE-1428149D4C09}"
EndProject
Global
	GlobalSection(SolutionConfigurationPlatforms) = preSolution
		Debug|Any CPU = Debug|Any CPU
		Release|Any CPU = Release|Any CPU
	EndGlobalSection
	GlobalSection(ProjectConfigurationPlatforms) = postSolution
		{F9D87126-5699-4DE3-A981-EF0EA726CEBB}.Debug|Any CPU.ActiveCfg = Debug|Any CPU
		{F9D87126-5699-4DE3-A981-EF0EA726CEBB}.Debug|Any CPU.Build.0 = Debug|Any CPU
		{F9D87126-5699-4DE3-A981-EF0EA726CEBB}.Release|Any CPU.ActiveCfg = Release|Any CPU
		{F9D87126-5699-4DE3-A981-EF0EA726CEBB}.Release|Any CPU.Build.0 = Release|Any CPU
		{DE16E43A-D91A-40A7-AD36-DAE9F1E499DB}.Debug|Any CPU.ActiveCfg = Debug|Any CPU
		{DE16E43A-D91A-40A7-AD36-DAE9F1E499DB}.Debug|Any CPU.Build.0 = Debug|Any CPU
		{DE16E43A-D91A-40A7-AD36-DAE9F1E499DB}.Release|Any CPU.ActiveCfg = Release|Any CPU
		{DE16E43A-D91A-40A7-AD36-DAE9F1E499DB}.Release|Any CPU.Build.0 = Release|Any CPU
		{FD356E29-FA5C-4715-86DE-1428149D4C09}.Debug|Any CPU.ActiveCfg = Debug|Any CPU
		{FD356E29-FA5C-4715-86DE-1428149D4C09}.Debug|Any CPU.Build.0 = Debug|Any CPU
		{FD356E29-FA5C-4715-86DE-1428149D4C09}.Release|Any CPU.ActiveCfg = Release|Any CPU
		{FD356E29-FA5C-4715-86DE-1428149D4C09}.Release|Any CPU.Build.0 = Release|Any CPU
	EndGlobalSection
	GlobalSection(SolutionProperties) = preSolution
		HideSolutionNode = FALSE
	EndGlobalSection
EndGlobal
