
Microsoft Visual Studio Solution File, Format Version 12.00
# Visual Studio 15
VisualStudioVersion = 15.0.27703.2026
MinimumVisualStudioVersion = 10.0.40219.1
Project("{FAE04EC0-301F-11D3-BF4B-00C04F79EFBC}") = "MusicStoreEntity", "MusicStoreEntity\MusicStoreEntity.csproj", "{B05635F6-2ABC-46DD-9EDF-4080E43A6616}"
EndProject
Project("{FAE04EC0-301F-11D3-BF4B-00C04F79EFBC}") = "MusicStore", "MusicStore\MusicStore.csproj", "{CEDD2DB3-491D-4B0F-BF2A-E0FC95BD5873}"
EndProject
Global
	GlobalSection(SolutionConfigurationPlatforms) = preSolution
		Debug|Any CPU = Debug|Any CPU
		Release|Any CPU = Release|Any CPU
	EndGlobalSection
	GlobalSection(ProjectConfigurationPlatforms) = postSolution
		{B05635F6-2ABC-46DD-9EDF-4080E43A6616}.Debug|Any CPU.ActiveCfg = Debug|Any CPU
		{B05635F6-2ABC-46DD-9EDF-4080E43A6616}.Debug|Any CPU.Build.0 = Debug|Any CPU
		{B05635F6-2ABC-46DD-9EDF-4080E43A6616}.Release|Any CPU.ActiveCfg = Release|Any CPU
		{B05635F6-2ABC-46DD-9EDF-4080E43A6616}.Release|Any CPU.Build.0 = Release|Any CPU
		{CEDD2DB3-491D-4B0F-BF2A-E0FC95BD5873}.Debug|Any CPU.ActiveCfg = Debug|Any CPU
		{CEDD2DB3-491D-4B0F-BF2A-E0FC95BD5873}.Debug|Any CPU.Build.0 = Debug|Any CPU
		{CEDD2DB3-491D-4B0F-BF2A-E0FC95BD5873}.Release|Any CPU.ActiveCfg = Release|Any CPU
		{CEDD2DB3-491D-4B0F-BF2A-E0FC95BD5873}.Release|Any CPU.Build.0 = Release|Any CPU
	EndGlobalSection
	GlobalSection(SolutionProperties) = preSolution
		HideSolutionNode = FALSE
	EndGlobalSection
	GlobalSection(ExtensibilityGlobals) = postSolution
		SolutionGuid = {BFF6091D-4CE4-4DEC-B551-414CEA4018F7}
	EndGlobalSection
EndGlobal
