
Microsoft Visual Studio Solution File, Format Version 12.00
# Visual Studio 14
VisualStudioVersion = 14.0.25420.1
MinimumVisualStudioVersion = 10.0.40219.1
Project("{FAE04EC0-301F-11D3-BF4B-00C04F79EFBC}") = "StuEntities", "Entities\StuEntities.csproj", "{91595B57-0524-4819-8325-72508C6C232A}"
EndProject
Project("{FAE04EC0-301F-11D3-BF4B-00C04F79EFBC}") = "StuContext", "DataContext\StuContext.csproj", "{A4E55513-A928-4DD7-AFAE-3AF28CD462C2}"
EndProject
Project("{E24C65DC-7377-472B-9ABA-BC803B73C61A}") = "ASPNETWEB(1)", "ASPNETWEB\", "{EE3E4DCB-1187-47B3-95D6-8DC30CFE0DC8}"
	ProjectSection(WebsiteProperties) = preProject
		TargetFrameworkMoniker = ".NETFramework,Version%3Dv4.5.2"
		Debug.AspNetCompiler.VirtualPath = "/localhost_1309"
		Debug.AspNetCompiler.PhysicalPath = "ASPNETWEB\"
		Debug.AspNetCompiler.TargetPath = "PrecompiledWeb\localhost_1309\"
		Debug.AspNetCompiler.Updateable = "true"
		Debug.AspNetCompiler.ForceOverwrite = "true"
		Debug.AspNetCompiler.FixedNames = "false"
		Debug.AspNetCompiler.Debug = "True"
		Release.AspNetCompiler.VirtualPath = "/localhost_1309"
		Release.AspNetCompiler.PhysicalPath = "ASPNETWEB\"
		Release.AspNetCompiler.TargetPath = "PrecompiledWeb\localhost_1309\"
		Release.AspNetCompiler.Updateable = "true"
		Release.AspNetCompiler.ForceOverwrite = "true"
		Release.AspNetCompiler.FixedNames = "false"
		Release.AspNetCompiler.Debug = "False"
		VWDPort = "1309"
		SlnRelativePath = "ASPNETWEB\"
	EndProjectSection
EndProject
Global
	GlobalSection(SolutionConfigurationPlatforms) = preSolution
		Debug|Any CPU = Debug|Any CPU
		Release|Any CPU = Release|Any CPU
	EndGlobalSection
	GlobalSection(ProjectConfigurationPlatforms) = postSolution
		{91595B57-0524-4819-8325-72508C6C232A}.Debug|Any CPU.ActiveCfg = Debug|Any CPU
		{91595B57-0524-4819-8325-72508C6C232A}.Debug|Any CPU.Build.0 = Debug|Any CPU
		{91595B57-0524-4819-8325-72508C6C232A}.Release|Any CPU.ActiveCfg = Release|Any CPU
		{91595B57-0524-4819-8325-72508C6C232A}.Release|Any CPU.Build.0 = Release|Any CPU
		{A4E55513-A928-4DD7-AFAE-3AF28CD462C2}.Debug|Any CPU.ActiveCfg = Debug|Any CPU
		{A4E55513-A928-4DD7-AFAE-3AF28CD462C2}.Debug|Any CPU.Build.0 = Debug|Any CPU
		{A4E55513-A928-4DD7-AFAE-3AF28CD462C2}.Release|Any CPU.ActiveCfg = Release|Any CPU
		{A4E55513-A928-4DD7-AFAE-3AF28CD462C2}.Release|Any CPU.Build.0 = Release|Any CPU
		{EE3E4DCB-1187-47B3-95D6-8DC30CFE0DC8}.Debug|Any CPU.ActiveCfg = Debug|Any CPU
		{EE3E4DCB-1187-47B3-95D6-8DC30CFE0DC8}.Debug|Any CPU.Build.0 = Debug|Any CPU
		{EE3E4DCB-1187-47B3-95D6-8DC30CFE0DC8}.Release|Any CPU.ActiveCfg = Debug|Any CPU
		{EE3E4DCB-1187-47B3-95D6-8DC30CFE0DC8}.Release|Any CPU.Build.0 = Debug|Any CPU
	EndGlobalSection
	GlobalSection(SolutionProperties) = preSolution
		HideSolutionNode = FALSE
	EndGlobalSection
EndGlobal
