
Microsoft Visual Studio Solution File, Format Version 12.00
# Visual Studio 14
VisualStudioVersion = 14.0.25420.1
MinimumVisualStudioVersion = 10.0.40219.1
Project("{FAE04EC0-301F-11D3-BF4B-00C04F79EFBC}") = "CodeFirst1108", "CodeFirst1108\CodeFirst1108.csproj", "{829C8C32-DF32-4416-B423-2B197D15054E}"
EndProject
Global
	GlobalSection(SolutionConfigurationPlatforms) = preSolution
		Debug|Any CPU = Debug|Any CPU
		Release|Any CPU = Release|Any CPU
	EndGlobalSection
	GlobalSection(ProjectConfigurationPlatforms) = postSolution
		{829C8C32-DF32-4416-B423-2B197D15054E}.Debug|Any CPU.ActiveCfg = Debug|Any CPU
		{829C8C32-DF32-4416-B423-2B197D15054E}.Debug|Any CPU.Build.0 = Debug|Any CPU
		{829C8C32-DF32-4416-B423-2B197D15054E}.Release|Any CPU.ActiveCfg = Release|Any CPU
		{829C8C32-DF32-4416-B423-2B197D15054E}.Release|Any CPU.Build.0 = Release|Any CPU
	EndGlobalSection
	GlobalSection(SolutionProperties) = preSolution
		HideSolutionNode = FALSE
	EndGlobalSection
EndGlobal
