
Microsoft Visual Studio Solution File, Format Version 12.00
# Visual Studio 14
VisualStudioVersion = 14.0.25420.1
MinimumVisualStudioVersion = 10.0.40219.1
Project("{FAE04EC0-301F-11D3-BF4B-00C04F79EFBC}") = "代码优先作业", "代码优先作业\代码优先作业.csproj", "{FE122861-7AE0-4D9E-BCB9-25E32455285A}"
EndProject
Global
	GlobalSection(SolutionConfigurationPlatforms) = preSolution
		Debug|Any CPU = Debug|Any CPU
		Release|Any CPU = Release|Any CPU
	EndGlobalSection
	GlobalSection(ProjectConfigurationPlatforms) = postSolution
		{FE122861-7AE0-4D9E-BCB9-25E32455285A}.Debug|Any CPU.ActiveCfg = Debug|Any CPU
		{FE122861-7AE0-4D9E-BCB9-25E32455285A}.Debug|Any CPU.Build.0 = Debug|Any CPU
		{FE122861-7AE0-4D9E-BCB9-25E32455285A}.Release|Any CPU.ActiveCfg = Release|Any CPU
		{FE122861-7AE0-4D9E-BCB9-25E32455285A}.Release|Any CPU.Build.0 = Release|Any CPU
	EndGlobalSection
	GlobalSection(SolutionProperties) = preSolution
		HideSolutionNode = FALSE
	EndGlobalSection
EndGlobal
