
Microsoft Visual Studio Solution File, Format Version 12.00
# Visual Studio 14
VisualStudioVersion = 14.0.25420.1
MinimumVisualStudioVersion = 10.0.40219.1
Project("{FAE04EC0-301F-11D3-BF4B-00C04F79EFBC}") = "Entities", "Entities\Entities.csproj", "{119CBA84-BF90-48C5-A83C-A55B4AD8A792}"
EndProject
Project("{FAE04EC0-301F-11D3-BF4B-00C04F79EFBC}") = "DataContext", "DataContext\DataContext.csproj", "{30BFA8D2-0589-4602-9BC7-7A5B4D5945AC}"
EndProject
Project("{E24C65DC-7377-472B-9ABA-BC803B73C61A}") = "Web", "Web\", "{14A8C1B4-FA27-4F12-B769-5F69BFF97EEA}"
	ProjectSection(WebsiteProperties) = preProject
		TargetFrameworkMoniker = ".NETFramework,Version%3Dv4.5.2"
		ProjectReferences = "{30bfa8d2-0589-4602-9bc7-7a5b4d5945ac}|DataContext.dll;{119CBA84-BF90-48C5-A83C-A55B4AD8A792}|Entities.dll;"
		Debug.AspNetCompiler.VirtualPath = "/localhost_9923"
		Debug.AspNetCompiler.PhysicalPath = "Web\"
		Debug.AspNetCompiler.TargetPath = "PrecompiledWeb\localhost_9923\"
		Debug.AspNetCompiler.Updateable = "true"
		Debug.AspNetCompiler.ForceOverwrite = "true"
		Debug.AspNetCompiler.FixedNames = "false"
		Debug.AspNetCompiler.Debug = "True"
		Release.AspNetCompiler.VirtualPath = "/localhost_9923"
		Release.AspNetCompiler.PhysicalPath = "Web\"
		Release.AspNetCompiler.TargetPath = "PrecompiledWeb\localhost_9923\"
		Release.AspNetCompiler.Updateable = "true"
		Release.AspNetCompiler.ForceOverwrite = "true"
		Release.AspNetCompiler.FixedNames = "false"
		Release.AspNetCompiler.Debug = "False"
		VWDPort = "9923"
		SlnRelativePath = "Web\"
		DefaultWebSiteLanguage = "Visual C#"
	EndProjectSection
EndProject
Global
	GlobalSection(SolutionConfigurationPlatforms) = preSolution
		Debug|Any CPU = Debug|Any CPU
		Release|Any CPU = Release|Any CPU
	EndGlobalSection
	GlobalSection(ProjectConfigurationPlatforms) = postSolution
		{119CBA84-BF90-48C5-A83C-A55B4AD8A792}.Debug|Any CPU.ActiveCfg = Debug|Any CPU
		{119CBA84-BF90-48C5-A83C-A55B4AD8A792}.Debug|Any CPU.Build.0 = Debug|Any CPU
		{119CBA84-BF90-48C5-A83C-A55B4AD8A792}.Release|Any CPU.ActiveCfg = Release|Any CPU
		{119CBA84-BF90-48C5-A83C-A55B4AD8A792}.Release|Any CPU.Build.0 = Release|Any CPU
		{30BFA8D2-0589-4602-9BC7-7A5B4D5945AC}.Debug|Any CPU.ActiveCfg = Debug|Any CPU
		{30BFA8D2-0589-4602-9BC7-7A5B4D5945AC}.Debug|Any CPU.Build.0 = Debug|Any CPU
		{30BFA8D2-0589-4602-9BC7-7A5B4D5945AC}.Release|Any CPU.ActiveCfg = Release|Any CPU
		{30BFA8D2-0589-4602-9BC7-7A5B4D5945AC}.Release|Any CPU.Build.0 = Release|Any CPU
		{14A8C1B4-FA27-4F12-B769-5F69BFF97EEA}.Debug|Any CPU.ActiveCfg = Debug|Any CPU
		{14A8C1B4-FA27-4F12-B769-5F69BFF97EEA}.Debug|Any CPU.Build.0 = Debug|Any CPU
		{14A8C1B4-FA27-4F12-B769-5F69BFF97EEA}.Release|Any CPU.ActiveCfg = Debug|Any CPU
		{14A8C1B4-FA27-4F12-B769-5F69BFF97EEA}.Release|Any CPU.Build.0 = Debug|Any CPU
	EndGlobalSection
	GlobalSection(SolutionProperties) = preSolution
		HideSolutionNode = FALSE
	EndGlobalSection
EndGlobal
