
Microsoft Visual Studio Solution File, Format Version 12.00
# Visual Studio 14
VisualStudioVersion = 14.0.25420.1
MinimumVisualStudioVersion = 10.0.40219.1
Project("{FAE04EC0-301F-11D3-BF4B-00C04F79EFBC}") = "Entities", "Entities\Entities.csproj", "{46FCB2BC-985B-4ACA-BDCC-CF0AF2F0DF67}"
EndProject
Project("{FAE04EC0-301F-11D3-BF4B-00C04F79EFBC}") = "DataContext", "DataContext\DataContext.csproj", "{6C98D8BC-F65E-4C2E-8B59-6A4BFC02438A}"
EndProject
Project("{E24C65DC-7377-472B-9ABA-BC803B73C61A}") = "Web(1)", "..\..\HandsomeBoy\04ASP.NET MVC\ASPNETProductDemo\Web\", "{7B137181-B2B6-45AF-8711-F7EECE177814}"
	ProjectSection(WebsiteProperties) = preProject
		TargetFrameworkMoniker = ".NETFramework,Version%3Dv4.5.2"
		Debug.AspNetCompiler.VirtualPath = "/localhost_57691"
		Debug.AspNetCompiler.PhysicalPath = "..\..\HandsomeBoy\04ASP.NET MVC\ASPNETProductDemo\Web\"
		Debug.AspNetCompiler.TargetPath = "PrecompiledWeb\localhost_57691\"
		Debug.AspNetCompiler.Updateable = "true"
		Debug.AspNetCompiler.ForceOverwrite = "true"
		Debug.AspNetCompiler.FixedNames = "false"
		Debug.AspNetCompiler.Debug = "True"
		Release.AspNetCompiler.VirtualPath = "/localhost_57691"
		Release.AspNetCompiler.PhysicalPath = "..\..\HandsomeBoy\04ASP.NET MVC\ASPNETProductDemo\Web\"
		Release.AspNetCompiler.TargetPath = "PrecompiledWeb\localhost_57691\"
		Release.AspNetCompiler.Updateable = "true"
		Release.AspNetCompiler.ForceOverwrite = "true"
		Release.AspNetCompiler.FixedNames = "false"
		Release.AspNetCompiler.Debug = "False"
		VWDPort = "57691"
		SlnRelativePath = "..\..\HandsomeBoy\04ASP.NET MVC\ASPNETProductDemo\Web\"
	EndProjectSection
EndProject
Global
	GlobalSection(SolutionConfigurationPlatforms) = preSolution
		Debug|Any CPU = Debug|Any CPU
		Release|Any CPU = Release|Any CPU
	EndGlobalSection
	GlobalSection(ProjectConfigurationPlatforms) = postSolution
		{46FCB2BC-985B-4ACA-BDCC-CF0AF2F0DF67}.Debug|Any CPU.ActiveCfg = Debug|Any CPU
		{46FCB2BC-985B-4ACA-BDCC-CF0AF2F0DF67}.Debug|Any CPU.Build.0 = Debug|Any CPU
		{46FCB2BC-985B-4ACA-BDCC-CF0AF2F0DF67}.Release|Any CPU.ActiveCfg = Release|Any CPU
		{46FCB2BC-985B-4ACA-BDCC-CF0AF2F0DF67}.Release|Any CPU.Build.0 = Release|Any CPU
		{6C98D8BC-F65E-4C2E-8B59-6A4BFC02438A}.Debug|Any CPU.ActiveCfg = Debug|Any CPU
		{6C98D8BC-F65E-4C2E-8B59-6A4BFC02438A}.Debug|Any CPU.Build.0 = Debug|Any CPU
		{6C98D8BC-F65E-4C2E-8B59-6A4BFC02438A}.Release|Any CPU.ActiveCfg = Release|Any CPU
		{6C98D8BC-F65E-4C2E-8B59-6A4BFC02438A}.Release|Any CPU.Build.0 = Release|Any CPU
		{7B137181-B2B6-45AF-8711-F7EECE177814}.Debug|Any CPU.ActiveCfg = Debug|Any CPU
		{7B137181-B2B6-45AF-8711-F7EECE177814}.Debug|Any CPU.Build.0 = Debug|Any CPU
		{7B137181-B2B6-45AF-8711-F7EECE177814}.Release|Any CPU.ActiveCfg = Debug|Any CPU
		{7B137181-B2B6-45AF-8711-F7EECE177814}.Release|Any CPU.Build.0 = Debug|Any CPU
	EndGlobalSection
	GlobalSection(SolutionProperties) = preSolution
		HideSolutionNode = FALSE
	EndGlobalSection
EndGlobal
