
Microsoft Visual Studio Solution File, Format Version 12.00
# Visual Studio 14
VisualStudioVersion = 14.0.25420.1
MinimumVisualStudioVersion = 10.0.40219.1
Project("{FAE04EC0-301F-11D3-BF4B-00C04F79EFBC}") = "Entities", "Entities\Entities.csproj", "{46FCB2BC-985B-4ACA-BDCC-CF0AF2F0DF67}"
EndProject
Project("{FAE04EC0-301F-11D3-BF4B-00C04F79EFBC}") = "DataContext", "DataContext\DataContext.csproj", "{6C98D8BC-F65E-4C2E-8B59-6A4BFC02438A}"
EndProject
Project("{E24C65DC-7377-472B-9ABA-BC803B73C61A}") = "Web", "Web\", "{3AE7561D-524C-430B-A4A7-4562878FDC69}"
	ProjectSection(WebsiteProperties) = preProject
		TargetFrameworkMoniker = ".NETFramework,Version%3Dv4.5.2"
		ProjectReferences = "{6c98d8bc-f65e-4c2e-8b59-6a4bfc02438a}|DataContext.dll;{46FCB2BC-985B-4ACA-BDCC-CF0AF2F0DF67}|Entities.dll;"
		Debug.AspNetCompiler.VirtualPath = "/localhost_4238"
		Debug.AspNetCompiler.PhysicalPath = "Web\"
		Debug.AspNetCompiler.TargetPath = "PrecompiledWeb\localhost_4238\"
		Debug.AspNetCompiler.Updateable = "true"
		Debug.AspNetCompiler.ForceOverwrite = "true"
		Debug.AspNetCompiler.FixedNames = "false"
		Debug.AspNetCompiler.Debug = "True"
		Release.AspNetCompiler.VirtualPath = "/localhost_4238"
		Release.AspNetCompiler.PhysicalPath = "Web\"
		Release.AspNetCompiler.TargetPath = "PrecompiledWeb\localhost_4238\"
		Release.AspNetCompiler.Updateable = "true"
		Release.AspNetCompiler.ForceOverwrite = "true"
		Release.AspNetCompiler.FixedNames = "false"
		Release.AspNetCompiler.Debug = "False"
		VWDPort = "4238"
		SlnRelativePath = "Web\"
		DefaultWebSiteLanguage = "Visual C#"
	EndProjectSection
EndProject
Global
	GlobalSection(SolutionConfigurationPlatforms) = preSolution
		Debug|Any CPU = Debug|Any CPU
		Release|Any CPU = Release|Any CPU
	EndGlobalSection
	GlobalSection(ProjectConfigurationPlatforms) = postSolution
		{46FCB2BC-985B-4ACA-BDCC-CF0AF2F0DF67}.Debug|Any CPU.ActiveCfg = Debug|Any CPU
		{46FCB2BC-985B-4ACA-BDCC-CF0AF2F0DF67}.Debug|Any CPU.Build.0 = Debug|Any CPU
		{46FCB2BC-985B-4ACA-BDCC-CF0AF2F0DF67}.Release|Any CPU.ActiveCfg = Release|Any CPU
		{46FCB2BC-985B-4ACA-BDCC-CF0AF2F0DF67}.Release|Any CPU.Build.0 = Release|Any CPU
		{6C98D8BC-F65E-4C2E-8B59-6A4BFC02438A}.Debug|Any CPU.ActiveCfg = Debug|Any CPU
		{6C98D8BC-F65E-4C2E-8B59-6A4BFC02438A}.Debug|Any CPU.Build.0 = Debug|Any CPU
		{6C98D8BC-F65E-4C2E-8B59-6A4BFC02438A}.Release|Any CPU.ActiveCfg = Release|Any CPU
		{6C98D8BC-F65E-4C2E-8B59-6A4BFC02438A}.Release|Any CPU.Build.0 = Release|Any CPU
		{3AE7561D-524C-430B-A4A7-4562878FDC69}.Debug|Any CPU.ActiveCfg = Debug|Any CPU
		{3AE7561D-524C-430B-A4A7-4562878FDC69}.Debug|Any CPU.Build.0 = Debug|Any CPU
		{3AE7561D-524C-430B-A4A7-4562878FDC69}.Release|Any CPU.ActiveCfg = Debug|Any CPU
		{3AE7561D-524C-430B-A4A7-4562878FDC69}.Release|Any CPU.Build.0 = Debug|Any CPU
	EndGlobalSection
	GlobalSection(SolutionProperties) = preSolution
		HideSolutionNode = FALSE
	EndGlobalSection
EndGlobal
