
Microsoft Visual Studio Solution File, Format Version 12.00
# Visual Studio 14
VisualStudioVersion = 14.0.25420.1
MinimumVisualStudioVersion = 10.0.40219.1
Project("{FAE04EC0-301F-11D3-BF4B-00C04F79EFBC}") = "Entities", "Entities\Entities.csproj", "{910F9094-FF64-4403-8ECB-AB874A41A9DF}"
EndProject
Project("{FAE04EC0-301F-11D3-BF4B-00C04F79EFBC}") = "DataContext", "DataContext\DataContext.csproj", "{8523D35E-6789-44F8-8D24-911918BB9C66}"
EndProject
Project("{E24C65DC-7377-472B-9ABA-BC803B73C61A}") = "Web", "Web\", "{EB3E4F17-B6F3-495C-AAAB-6CC991DCA635}"
	ProjectSection(WebsiteProperties) = preProject
		TargetFrameworkMoniker = ".NETFramework,Version%3Dv4.5.2"
		ProjectReferences = "{8523d35e-6789-44f8-8d24-911918bb9c66}|DataContext.dll;{910F9094-FF64-4403-8ECB-AB874A41A9DF}|Entities.dll;"
		Debug.AspNetCompiler.VirtualPath = "/localhost_50105"
		Debug.AspNetCompiler.PhysicalPath = "Web\"
		Debug.AspNetCompiler.TargetPath = "PrecompiledWeb\localhost_50105\"
		Debug.AspNetCompiler.Updateable = "true"
		Debug.AspNetCompiler.ForceOverwrite = "true"
		Debug.AspNetCompiler.FixedNames = "false"
		Debug.AspNetCompiler.Debug = "True"
		Release.AspNetCompiler.VirtualPath = "/localhost_50105"
		Release.AspNetCompiler.PhysicalPath = "Web\"
		Release.AspNetCompiler.TargetPath = "PrecompiledWeb\localhost_50105\"
		Release.AspNetCompiler.Updateable = "true"
		Release.AspNetCompiler.ForceOverwrite = "true"
		Release.AspNetCompiler.FixedNames = "false"
		Release.AspNetCompiler.Debug = "False"
		VWDPort = "50105"
		SlnRelativePath = "Web\"
		DefaultWebSiteLanguage = "Visual C#"
	EndProjectSection
EndProject
Global
	GlobalSection(SolutionConfigurationPlatforms) = preSolution
		Debug|Any CPU = Debug|Any CPU
		Release|Any CPU = Release|Any CPU
	EndGlobalSection
	GlobalSection(ProjectConfigurationPlatforms) = postSolution
		{910F9094-FF64-4403-8ECB-AB874A41A9DF}.Debug|Any CPU.ActiveCfg = Debug|Any CPU
		{910F9094-FF64-4403-8ECB-AB874A41A9DF}.Debug|Any CPU.Build.0 = Debug|Any CPU
		{910F9094-FF64-4403-8ECB-AB874A41A9DF}.Release|Any CPU.ActiveCfg = Release|Any CPU
		{910F9094-FF64-4403-8ECB-AB874A41A9DF}.Release|Any CPU.Build.0 = Release|Any CPU
		{8523D35E-6789-44F8-8D24-911918BB9C66}.Debug|Any CPU.ActiveCfg = Debug|Any CPU
		{8523D35E-6789-44F8-8D24-911918BB9C66}.Debug|Any CPU.Build.0 = Debug|Any CPU
		{8523D35E-6789-44F8-8D24-911918BB9C66}.Release|Any CPU.ActiveCfg = Release|Any CPU
		{8523D35E-6789-44F8-8D24-911918BB9C66}.Release|Any CPU.Build.0 = Release|Any CPU
		{EB3E4F17-B6F3-495C-AAAB-6CC991DCA635}.Debug|Any CPU.ActiveCfg = Debug|Any CPU
		{EB3E4F17-B6F3-495C-AAAB-6CC991DCA635}.Debug|Any CPU.Build.0 = Debug|Any CPU
		{EB3E4F17-B6F3-495C-AAAB-6CC991DCA635}.Release|Any CPU.ActiveCfg = Debug|Any CPU
		{EB3E4F17-B6F3-495C-AAAB-6CC991DCA635}.Release|Any CPU.Build.0 = Debug|Any CPU
	EndGlobalSection
	GlobalSection(SolutionProperties) = preSolution
		HideSolutionNode = FALSE
	EndGlobalSection
EndGlobal
