
Microsoft Visual Studio Solution File, Format Version 12.00
# Visual Studio 14
VisualStudioVersion = 14.0.25420.1
MinimumVisualStudioVersion = 10.0.40219.1
Project("{FAE04EC0-301F-11D3-BF4B-00C04F79EFBC}") = "DataContext", "DataContext\DataContext.csproj", "{46137EDF-ED54-4656-BBA2-F3E7A493D2FC}"
EndProject
Project("{FAE04EC0-301F-11D3-BF4B-00C04F79EFBC}") = "Entities", "Entities\Entities.csproj", "{8208643D-6D7A-45DA-B86E-3A4DA2F4CE0A}"
EndProject
Project("{E24C65DC-7377-472B-9ABA-BC803B73C61A}") = "Web", "Web\", "{7B137181-B2B6-45AF-8711-F7EECE177814}"
	ProjectSection(WebsiteProperties) = preProject
		TargetFrameworkMoniker = ".NETFramework,Version%3Dv4.5.2"
		ProjectReferences = "{46137edf-ed54-4656-bba2-f3e7a493d2fc}|DataContext.dll;{8208643d-6d7a-45da-b86e-3a4da2f4ce0a}|Entities.dll;"
		Debug.AspNetCompiler.VirtualPath = "/localhost_57691"
		Debug.AspNetCompiler.PhysicalPath = "Web\"
		Debug.AspNetCompiler.TargetPath = "PrecompiledWeb\localhost_57691\"
		Debug.AspNetCompiler.Updateable = "true"
		Debug.AspNetCompiler.ForceOverwrite = "true"
		Debug.AspNetCompiler.FixedNames = "false"
		Debug.AspNetCompiler.Debug = "True"
		Release.AspNetCompiler.VirtualPath = "/localhost_57691"
		Release.AspNetCompiler.PhysicalPath = "Web\"
		Release.AspNetCompiler.TargetPath = "PrecompiledWeb\localhost_57691\"
		Release.AspNetCompiler.Updateable = "true"
		Release.AspNetCompiler.ForceOverwrite = "true"
		Release.AspNetCompiler.FixedNames = "false"
		Release.AspNetCompiler.Debug = "False"
		VWDPort = "57691"
		SlnRelativePath = "Web\"
		DefaultWebSiteLanguage = "Visual C#"
	EndProjectSection
EndProject
Global
	GlobalSection(SolutionConfigurationPlatforms) = preSolution
		Debug|Any CPU = Debug|Any CPU
		Release|Any CPU = Release|Any CPU
	EndGlobalSection
	GlobalSection(ProjectConfigurationPlatforms) = postSolution
		{46137EDF-ED54-4656-BBA2-F3E7A493D2FC}.Debug|Any CPU.ActiveCfg = Debug|Any CPU
		{46137EDF-ED54-4656-BBA2-F3E7A493D2FC}.Debug|Any CPU.Build.0 = Debug|Any CPU
		{46137EDF-ED54-4656-BBA2-F3E7A493D2FC}.Release|Any CPU.ActiveCfg = Release|Any CPU
		{46137EDF-ED54-4656-BBA2-F3E7A493D2FC}.Release|Any CPU.Build.0 = Release|Any CPU
		{8208643D-6D7A-45DA-B86E-3A4DA2F4CE0A}.Debug|Any CPU.ActiveCfg = Debug|Any CPU
		{8208643D-6D7A-45DA-B86E-3A4DA2F4CE0A}.Debug|Any CPU.Build.0 = Debug|Any CPU
		{8208643D-6D7A-45DA-B86E-3A4DA2F4CE0A}.Release|Any CPU.ActiveCfg = Release|Any CPU
		{8208643D-6D7A-45DA-B86E-3A4DA2F4CE0A}.Release|Any CPU.Build.0 = Release|Any CPU
		{7B137181-B2B6-45AF-8711-F7EECE177814}.Debug|Any CPU.ActiveCfg = Debug|Any CPU
		{7B137181-B2B6-45AF-8711-F7EECE177814}.Debug|Any CPU.Build.0 = Debug|Any CPU
		{7B137181-B2B6-45AF-8711-F7EECE177814}.Release|Any CPU.ActiveCfg = Debug|Any CPU
		{7B137181-B2B6-45AF-8711-F7EECE177814}.Release|Any CPU.Build.0 = Debug|Any CPU
	EndGlobalSection
	GlobalSection(SolutionProperties) = preSolution
		HideSolutionNode = FALSE
	EndGlobalSection
EndGlobal
