
Microsoft Visual Studio Solution File, Format Version 12.00
# Visual Studio 15
VisualStudioVersion = 15.0.27703.2026
MinimumVisualStudioVersion = 10.0.40219.1
Project("{FAE04EC0-301F-11D3-BF4B-00C04F79EFBC}") = "Entities", "ClassLibrary1\Entities.csproj", "{6EAC6A4F-2B25-4732-9198-F091F8ABAE33}"
EndProject
Project("{FAE04EC0-301F-11D3-BF4B-00C04F79EFBC}") = "DataContext", "DataContext\DataContext.csproj", "{BDF89632-082A-4DEF-9ECA-35407C873372}"
EndProject
Global
	GlobalSection(SolutionConfigurationPlatforms) = preSolution
		Debug|Any CPU = Debug|Any CPU
		Release|Any CPU = Release|Any CPU
	EndGlobalSection
	GlobalSection(ProjectConfigurationPlatforms) = postSolution
		{6EAC6A4F-2B25-4732-9198-F091F8ABAE33}.Debug|Any CPU.ActiveCfg = Debug|Any CPU
		{6EAC6A4F-2B25-4732-9198-F091F8ABAE33}.Debug|Any CPU.Build.0 = Debug|Any CPU
		{6EAC6A4F-2B25-4732-9198-F091F8ABAE33}.Release|Any CPU.ActiveCfg = Release|Any CPU
		{6EAC6A4F-2B25-4732-9198-F091F8ABAE33}.Release|Any CPU.Build.0 = Release|Any CPU
		{BDF89632-082A-4DEF-9ECA-35407C873372}.Debug|Any CPU.ActiveCfg = Debug|Any CPU
		{BDF89632-082A-4DEF-9ECA-35407C873372}.Debug|Any CPU.Build.0 = Debug|Any CPU
		{BDF89632-082A-4DEF-9ECA-35407C873372}.Release|Any CPU.ActiveCfg = Release|Any CPU
		{BDF89632-082A-4DEF-9ECA-35407C873372}.Release|Any CPU.Build.0 = Release|Any CPU
	EndGlobalSection
	GlobalSection(SolutionProperties) = preSolution
		HideSolutionNode = FALSE
	EndGlobalSection
	GlobalSection(ExtensibilityGlobals) = postSolution
		SolutionGuid = {104CDA5B-E82B-49F9-B37E-A41FC5454053}
	EndGlobalSection
EndGlobal
