
Microsoft Visual Studio Solution File, Format Version 12.00
# Visual Studio 15
VisualStudioVersion = 15.0.28010.2050
MinimumVisualStudioVersion = 10.0.40219.1
Project("{FAE04EC0-301F-11D3-BF4B-00C04F79EFBC}") = "MVC5Demo", "MVC5Demo\MVC5Demo.csproj", "{1AA0482E-172D-4D67-BBF0-A1261330EC9E}"
EndProject
Global
	GlobalSection(SolutionConfigurationPlatforms) = preSolution
		Debug|Any CPU = Debug|Any CPU
		Release|Any CPU = Release|Any CPU
	EndGlobalSection
	GlobalSection(ProjectConfigurationPlatforms) = postSolution
		{1AA0482E-172D-4D67-BBF0-A1261330EC9E}.Debug|Any CPU.ActiveCfg = Debug|Any CPU
		{1AA0482E-172D-4D67-BBF0-A1261330EC9E}.Debug|Any CPU.Build.0 = Debug|Any CPU
		{1AA0482E-172D-4D67-BBF0-A1261330EC9E}.Release|Any CPU.ActiveCfg = Release|Any CPU
		{1AA0482E-172D-4D67-BBF0-A1261330EC9E}.Release|Any CPU.Build.0 = Release|Any CPU
	EndGlobalSection
	GlobalSection(SolutionProperties) = preSolution
		HideSolutionNode = FALSE
	EndGlobalSection
	GlobalSection(ExtensibilityGlobals) = postSolution
		SolutionGuid = {41F99A6B-E906-426E-ADC0-95CA7FE60CA3}
	EndGlobalSection
EndGlobal
