
Microsoft Visual Studio Solution File, Format Version 12.00
# Visual Studio 14
VisualStudioVersion = 14.0.25420.1
MinimumVisualStudioVersion = 10.0.40219.1
Project("{FAE04EC0-301F-11D3-BF4B-00C04F79EFBC}") = "CodeFirst1108", "1000Student\CodeFirst1108.csproj", "{CC6B67DD-03BA-4A3F-9366-E640D8B7C027}"
EndProject
Global
	GlobalSection(SolutionConfigurationPlatforms) = preSolution
		Debug|Any CPU = Debug|Any CPU
		Release|Any CPU = Release|Any CPU
	EndGlobalSection
	GlobalSection(ProjectConfigurationPlatforms) = postSolution
		{CC6B67DD-03BA-4A3F-9366-E640D8B7C027}.Debug|Any CPU.ActiveCfg = Debug|Any CPU
		{CC6B67DD-03BA-4A3F-9366-E640D8B7C027}.Debug|Any CPU.Build.0 = Debug|Any CPU
		{CC6B67DD-03BA-4A3F-9366-E640D8B7C027}.Release|Any CPU.ActiveCfg = Release|Any CPU
		{CC6B67DD-03BA-4A3F-9366-E640D8B7C027}.Release|Any CPU.Build.0 = Release|Any CPU
	EndGlobalSection
	GlobalSection(SolutionProperties) = preSolution
		HideSolutionNode = FALSE
	EndGlobalSection
EndGlobal
