
Microsoft Visual Studio Solution File, Format Version 12.00
# Visual Studio 15
VisualStudioVersion = 15.0.28010.2050
MinimumVisualStudioVersion = 10.0.40219.1
Project("{FAE04EC0-301F-11D3-BF4B-00C04F79EFBC}") = "Web", "Web\Web.csproj", "{435EF59A-7E94-4D55-95CA-CB4D692DE37D}"
EndProject
Project("{FAE04EC0-301F-11D3-BF4B-00C04F79EFBC}") = "DataContext", "DataContext\DataContext.csproj", "{70BFD431-1610-439F-AB3D-DDA461C370A1}"
EndProject
Project("{FAE04EC0-301F-11D3-BF4B-00C04F79EFBC}") = "Entities", "Entities\Entities.csproj", "{D0EEA070-F20C-46A8-890E-3505332E9C43}"
EndProject
Global
	GlobalSection(SolutionConfigurationPlatforms) = preSolution
		Debug|Any CPU = Debug|Any CPU
		Release|Any CPU = Release|Any CPU
	EndGlobalSection
	GlobalSection(ProjectConfigurationPlatforms) = postSolution
		{435EF59A-7E94-4D55-95CA-CB4D692DE37D}.Debug|Any CPU.ActiveCfg = Debug|Any CPU
		{435EF59A-7E94-4D55-95CA-CB4D692DE37D}.Debug|Any CPU.Build.0 = Debug|Any CPU
		{435EF59A-7E94-4D55-95CA-CB4D692DE37D}.Release|Any CPU.ActiveCfg = Release|Any CPU
		{435EF59A-7E94-4D55-95CA-CB4D692DE37D}.Release|Any CPU.Build.0 = Release|Any CPU
		{70BFD431-1610-439F-AB3D-DDA461C370A1}.Debug|Any CPU.ActiveCfg = Debug|Any CPU
		{70BFD431-1610-439F-AB3D-DDA461C370A1}.Debug|Any CPU.Build.0 = Debug|Any CPU
		{70BFD431-1610-439F-AB3D-DDA461C370A1}.Release|Any CPU.ActiveCfg = Release|Any CPU
		{70BFD431-1610-439F-AB3D-DDA461C370A1}.Release|Any CPU.Build.0 = Release|Any CPU
		{D0EEA070-F20C-46A8-890E-3505332E9C43}.Debug|Any CPU.ActiveCfg = Debug|Any CPU
		{D0EEA070-F20C-46A8-890E-3505332E9C43}.Debug|Any CPU.Build.0 = Debug|Any CPU
		{D0EEA070-F20C-46A8-890E-3505332E9C43}.Release|Any CPU.ActiveCfg = Release|Any CPU
		{D0EEA070-F20C-46A8-890E-3505332E9C43}.Release|Any CPU.Build.0 = Release|Any CPU
	EndGlobalSection
	GlobalSection(SolutionProperties) = preSolution
		HideSolutionNode = FALSE
	EndGlobalSection
	GlobalSection(ExtensibilityGlobals) = postSolution
		SolutionGuid = {DEA1DF61-1C5F-4062-A062-2DC8BDCFA085}
	EndGlobalSection
EndGlobal
