
Microsoft Visual Studio Solution File, Format Version 12.00
# Visual Studio 14
VisualStudioVersion = 14.0.25420.1
MinimumVisualStudioVersion = 10.0.40219.1
Project("{FAE04EC0-301F-11D3-BF4B-00C04F79EFBC}") = "mvcDemo1", "mvcDemo1\mvcDemo1.csproj", "{73015020-767E-4E88-8718-34A28495060D}"
EndProject
Global
	GlobalSection(SolutionConfigurationPlatforms) = preSolution
		Debug|Any CPU = Debug|Any CPU
		Release|Any CPU = Release|Any CPU
	EndGlobalSection
	GlobalSection(ProjectConfigurationPlatforms) = postSolution
		{73015020-767E-4E88-8718-34A28495060D}.Debug|Any CPU.ActiveCfg = Debug|Any CPU
		{73015020-767E-4E88-8718-34A28495060D}.Debug|Any CPU.Build.0 = Debug|Any CPU
		{73015020-767E-4E88-8718-34A28495060D}.Release|Any CPU.ActiveCfg = Release|Any CPU
		{73015020-767E-4E88-8718-34A28495060D}.Release|Any CPU.Build.0 = Release|Any CPU
	EndGlobalSection
	GlobalSection(SolutionProperties) = preSolution
		HideSolutionNode = FALSE
	EndGlobalSection
EndGlobal
