
Microsoft Visual Studio Solution File, Format Version 12.00
# Visual Studio 14
VisualStudioVersion = 14.0.25420.1
MinimumVisualStudioVersion = 10.0.40219.1
Project("{FAE04EC0-301F-11D3-BF4B-00C04F79EFBC}") = "1104代码优先作业", "1104代码优先作业\1104代码优先作业.csproj", "{84A37383-5A81-46DC-8F23-232D86CBC2AE}"
EndProject
Global
	GlobalSection(SolutionConfigurationPlatforms) = preSolution
		Debug|Any CPU = Debug|Any CPU
		Release|Any CPU = Release|Any CPU
	EndGlobalSection
	GlobalSection(ProjectConfigurationPlatforms) = postSolution
		{84A37383-5A81-46DC-8F23-232D86CBC2AE}.Debug|Any CPU.ActiveCfg = Debug|Any CPU
		{84A37383-5A81-46DC-8F23-232D86CBC2AE}.Debug|Any CPU.Build.0 = Debug|Any CPU
		{84A37383-5A81-46DC-8F23-232D86CBC2AE}.Release|Any CPU.ActiveCfg = Release|Any CPU
		{84A37383-5A81-46DC-8F23-232D86CBC2AE}.Release|Any CPU.Build.0 = Release|Any CPU
	EndGlobalSection
	GlobalSection(SolutionProperties) = preSolution
		HideSolutionNode = FALSE
	EndGlobalSection
EndGlobal
