
Microsoft Visual Studio Solution File, Format Version 12.00
# Visual Studio 14
VisualStudioVersion = 14.0.25420.1
MinimumVisualStudioVersion = 10.0.40219.1
Project("{FAE04EC0-301F-11D3-BF4B-00C04F79EFBC}") = "MusicStoreEntity", "MusicStoreEntity\MusicStoreEntity.csproj", "{CC1444B2-9780-4CED-90A6-D903DDB4DF6F}"
EndProject
Project("{FAE04EC0-301F-11D3-BF4B-00C04F79EFBC}") = "MusicStore", "MusicStoreWeb\MusicStore.csproj", "{D2DAE0BA-8B7E-4FA5-8D9A-E82EC1BECBEF}"
EndProject
Global
	GlobalSection(SolutionConfigurationPlatforms) = preSolution
		Debug|Any CPU = Debug|Any CPU
		Release|Any CPU = Release|Any CPU
	EndGlobalSection
	GlobalSection(ProjectConfigurationPlatforms) = postSolution
		{CC1444B2-9780-4CED-90A6-D903DDB4DF6F}.Debug|Any CPU.ActiveCfg = Debug|Any CPU
		{CC1444B2-9780-4CED-90A6-D903DDB4DF6F}.Debug|Any CPU.Build.0 = Debug|Any CPU
		{CC1444B2-9780-4CED-90A6-D903DDB4DF6F}.Release|Any CPU.ActiveCfg = Release|Any CPU
		{CC1444B2-9780-4CED-90A6-D903DDB4DF6F}.Release|Any CPU.Build.0 = Release|Any CPU
		{D2DAE0BA-8B7E-4FA5-8D9A-E82EC1BECBEF}.Debug|Any CPU.ActiveCfg = Debug|Any CPU
		{D2DAE0BA-8B7E-4FA5-8D9A-E82EC1BECBEF}.Debug|Any CPU.Build.0 = Debug|Any CPU
		{D2DAE0BA-8B7E-4FA5-8D9A-E82EC1BECBEF}.Release|Any CPU.ActiveCfg = Release|Any CPU
		{D2DAE0BA-8B7E-4FA5-8D9A-E82EC1BECBEF}.Release|Any CPU.Build.0 = Release|Any CPU
	EndGlobalSection
	GlobalSection(SolutionProperties) = preSolution
		HideSolutionNode = FALSE
	EndGlobalSection
EndGlobal
