
Microsoft Visual Studio Solution File, Format Version 12.00
# Visual Studio 14
VisualStudioVersion = 14.0.25420.1
MinimumVisualStudioVersion = 10.0.40219.1
Project("{FAE04EC0-301F-11D3-BF4B-00C04F79EFBC}") = "demo2", "demo2\demo2.csproj", "{D2710E1B-4AF4-45A9-B1B9-14EBCF2EF8DF}"
EndProject
Global
	GlobalSection(SolutionConfigurationPlatforms) = preSolution
		Debug|Any CPU = Debug|Any CPU
		Release|Any CPU = Release|Any CPU
	EndGlobalSection
	GlobalSection(ProjectConfigurationPlatforms) = postSolution
		{D2710E1B-4AF4-45A9-B1B9-14EBCF2EF8DF}.Debug|Any CPU.ActiveCfg = Debug|Any CPU
		{D2710E1B-4AF4-45A9-B1B9-14EBCF2EF8DF}.Debug|Any CPU.Build.0 = Debug|Any CPU
		{D2710E1B-4AF4-45A9-B1B9-14EBCF2EF8DF}.Release|Any CPU.ActiveCfg = Release|Any CPU
		{D2710E1B-4AF4-45A9-B1B9-14EBCF2EF8DF}.Release|Any CPU.Build.0 = Release|Any CPU
	EndGlobalSection
	GlobalSection(SolutionProperties) = preSolution
		HideSolutionNode = FALSE
	EndGlobalSection
EndGlobal
