
Microsoft Visual Studio Solution File, Format Version 12.00
# Visual Studio 14
VisualStudioVersion = 14.0.25420.1
MinimumVisualStudioVersion = 10.0.40219.1
Project("{FAE04EC0-301F-11D3-BF4B-00C04F79EFBC}") = "StuEntities", "Entities\StuEntities.csproj", "{6022CF40-1493-403C-BBF1-594D3E907812}"
EndProject
Project("{FAE04EC0-301F-11D3-BF4B-00C04F79EFBC}") = "StuContext", "DataContext\StuContext.csproj", "{820F8BFB-22C7-4868-8DD3-E02C2E910F8B}"
EndProject
Project("{E24C65DC-7377-472B-9ABA-BC803B73C61A}") = "ASPNETWEB", "ASPNETWEB\", "{20FBB3A7-376C-4838-842F-8B9D885D3937}"
	ProjectSection(WebsiteProperties) = preProject
		TargetFrameworkMoniker = ".NETFramework,Version%3Dv4.5.2"
		ProjectReferences = "{820f8bfb-22c7-4868-8dd3-e02c2e910f8b}|StuContext.dll;{6022cf40-1493-403c-bbf1-594d3e907812}|StuEntities.dll;"
		Debug.AspNetCompiler.VirtualPath = "/localhost_1930"
		Debug.AspNetCompiler.PhysicalPath = "ASPNETWEB\"
		Debug.AspNetCompiler.TargetPath = "PrecompiledWeb\localhost_1930\"
		Debug.AspNetCompiler.Updateable = "true"
		Debug.AspNetCompiler.ForceOverwrite = "true"
		Debug.AspNetCompiler.FixedNames = "false"
		Debug.AspNetCompiler.Debug = "True"
		Release.AspNetCompiler.VirtualPath = "/localhost_1930"
		Release.AspNetCompiler.PhysicalPath = "ASPNETWEB\"
		Release.AspNetCompiler.TargetPath = "PrecompiledWeb\localhost_1930\"
		Release.AspNetCompiler.Updateable = "true"
		Release.AspNetCompiler.ForceOverwrite = "true"
		Release.AspNetCompiler.FixedNames = "false"
		Release.AspNetCompiler.Debug = "False"
		VWDPort = "1930"
		SlnRelativePath = "ASPNETWEB\"
		DefaultWebSiteLanguage = "Visual C#"
	EndProjectSection
EndProject
Global
	GlobalSection(SolutionConfigurationPlatforms) = preSolution
		Debug|Any CPU = Debug|Any CPU
		Release|Any CPU = Release|Any CPU
	EndGlobalSection
	GlobalSection(ProjectConfigurationPlatforms) = postSolution
		{6022CF40-1493-403C-BBF1-594D3E907812}.Debug|Any CPU.ActiveCfg = Debug|Any CPU
		{6022CF40-1493-403C-BBF1-594D3E907812}.Debug|Any CPU.Build.0 = Debug|Any CPU
		{6022CF40-1493-403C-BBF1-594D3E907812}.Release|Any CPU.ActiveCfg = Release|Any CPU
		{6022CF40-1493-403C-BBF1-594D3E907812}.Release|Any CPU.Build.0 = Release|Any CPU
		{820F8BFB-22C7-4868-8DD3-E02C2E910F8B}.Debug|Any CPU.ActiveCfg = Debug|Any CPU
		{820F8BFB-22C7-4868-8DD3-E02C2E910F8B}.Debug|Any CPU.Build.0 = Debug|Any CPU
		{820F8BFB-22C7-4868-8DD3-E02C2E910F8B}.Release|Any CPU.ActiveCfg = Release|Any CPU
		{820F8BFB-22C7-4868-8DD3-E02C2E910F8B}.Release|Any CPU.Build.0 = Release|Any CPU
		{20FBB3A7-376C-4838-842F-8B9D885D3937}.Debug|Any CPU.ActiveCfg = Debug|Any CPU
		{20FBB3A7-376C-4838-842F-8B9D885D3937}.Debug|Any CPU.Build.0 = Debug|Any CPU
		{20FBB3A7-376C-4838-842F-8B9D885D3937}.Release|Any CPU.ActiveCfg = Debug|Any CPU
		{20FBB3A7-376C-4838-842F-8B9D885D3937}.Release|Any CPU.Build.0 = Debug|Any CPU
	EndGlobalSection
	GlobalSection(SolutionProperties) = preSolution
		HideSolutionNode = FALSE
	EndGlobalSection
EndGlobal
