
Microsoft Visual Studio Solution File, Format Version 12.00
# Visual Studio 14
VisualStudioVersion = 14.0.25420.1
MinimumVisualStudioVersion = 10.0.40219.1
Project("{FAE04EC0-301F-11D3-BF4B-00C04F79EFBC}") = "MusicStoreEntity", "MusicStoreEntity\MusicStoreEntity.csproj", "{79BAD7EB-BCC7-42FC-966C-38AE70C9E6B3}"
EndProject
Project("{FAE04EC0-301F-11D3-BF4B-00C04F79EFBC}") = "MusicStore", "MusicStore\MusicStore.csproj", "{CEDD2DB3-491D-4B0F-BF2A-E0FC95BD5873}"
EndProject
Global
	GlobalSection(SolutionConfigurationPlatforms) = preSolution
		Debug|Any CPU = Debug|Any CPU
		Release|Any CPU = Release|Any CPU
	EndGlobalSection
	GlobalSection(ProjectConfigurationPlatforms) = postSolution
		{79BAD7EB-BCC7-42FC-966C-38AE70C9E6B3}.Debug|Any CPU.ActiveCfg = Debug|Any CPU
		{79BAD7EB-BCC7-42FC-966C-38AE70C9E6B3}.Debug|Any CPU.Build.0 = Debug|Any CPU
		{79BAD7EB-BCC7-42FC-966C-38AE70C9E6B3}.Release|Any CPU.ActiveCfg = Release|Any CPU
		{79BAD7EB-BCC7-42FC-966C-38AE70C9E6B3}.Release|Any CPU.Build.0 = Release|Any CPU
		{CEDD2DB3-491D-4B0F-BF2A-E0FC95BD5873}.Debug|Any CPU.ActiveCfg = Debug|Any CPU
		{CEDD2DB3-491D-4B0F-BF2A-E0FC95BD5873}.Debug|Any CPU.Build.0 = Debug|Any CPU
		{CEDD2DB3-491D-4B0F-BF2A-E0FC95BD5873}.Release|Any CPU.ActiveCfg = Release|Any CPU
		{CEDD2DB3-491D-4B0F-BF2A-E0FC95BD5873}.Release|Any CPU.Build.0 = Release|Any CPU
	EndGlobalSection
	GlobalSection(SolutionProperties) = preSolution
		HideSolutionNode = FALSE
	EndGlobalSection
EndGlobal
