
Microsoft Visual Studio Solution File, Format Version 12.00
# Visual Studio 14
VisualStudioVersion = 14.0.25420.1
MinimumVisualStudioVersion = 10.0.40219.1
Project("{FAE04EC0-301F-11D3-BF4B-00C04F79EFBC}") = "MusicStoreEntity", "MusicStoreEntity\MusicStoreEntity.csproj", "{702006CD-A90A-4E5A-85F0-91B33241DE31}"
EndProject
Project("{FAE04EC0-301F-11D3-BF4B-00C04F79EFBC}") = "MusicStore", "MusicStore\MusicStore.csproj", "{2A7682CF-D5FA-463E-A640-52B25A422B45}"
EndProject
Global
	GlobalSection(SolutionConfigurationPlatforms) = preSolution
		Debug|Any CPU = Debug|Any CPU
		Release|Any CPU = Release|Any CPU
	EndGlobalSection
	GlobalSection(ProjectConfigurationPlatforms) = postSolution
		{702006CD-A90A-4E5A-85F0-91B33241DE31}.Debug|Any CPU.ActiveCfg = Debug|Any CPU
		{702006CD-A90A-4E5A-85F0-91B33241DE31}.Debug|Any CPU.Build.0 = Debug|Any CPU
		{702006CD-A90A-4E5A-85F0-91B33241DE31}.Release|Any CPU.ActiveCfg = Release|Any CPU
		{702006CD-A90A-4E5A-85F0-91B33241DE31}.Release|Any CPU.Build.0 = Release|Any CPU
		{2A7682CF-D5FA-463E-A640-52B25A422B45}.Debug|Any CPU.ActiveCfg = Debug|Any CPU
		{2A7682CF-D5FA-463E-A640-52B25A422B45}.Debug|Any CPU.Build.0 = Debug|Any CPU
		{2A7682CF-D5FA-463E-A640-52B25A422B45}.Release|Any CPU.ActiveCfg = Release|Any CPU
		{2A7682CF-D5FA-463E-A640-52B25A422B45}.Release|Any CPU.Build.0 = Release|Any CPU
	EndGlobalSection
	GlobalSection(SolutionProperties) = preSolution
		HideSolutionNode = FALSE
	EndGlobalSection
EndGlobal
