
Microsoft Visual Studio Solution File, Format Version 12.00
# Visual Studio 14
VisualStudioVersion = 14.0.25420.1
MinimumVisualStudioVersion = 10.0.40219.1
Project("{E24C65DC-7377-472B-9ABA-BC803B73C61A}") = "APSWebFormdemo", "E:\lql\ccoe\MyMusicStore\lql139\ASP.NET mvc\11.9form窗体\APSWebFormdemo\", "{9ED21F6F-1815-4A9F-B99F-0CED0B9E3533}"
	ProjectSection(WebsiteProperties) = preProject
		TargetFrameworkMoniker = ".NETFramework,Version%3Dv4.5.2"
		ProjectReferences = "{a0440ba6-db55-4686-a347-f8c62e24aede}|DataContext.dll;{073F808E-3FB2-43FB-95AE-8932FA9BF226}|Emtities.dll;"
		Debug.AspNetCompiler.VirtualPath = "/localhost_2288"
		Debug.AspNetCompiler.PhysicalPath = "..\APSWebFormdemo\"
		Debug.AspNetCompiler.TargetPath = "PrecompiledWeb\localhost_2288\"
		Debug.AspNetCompiler.Updateable = "true"
		Debug.AspNetCompiler.ForceOverwrite = "true"
		Debug.AspNetCompiler.FixedNames = "false"
		Debug.AspNetCompiler.Debug = "True"
		Release.AspNetCompiler.VirtualPath = "/localhost_2288"
		Release.AspNetCompiler.PhysicalPath = "..\APSWebFormdemo\"
		Release.AspNetCompiler.TargetPath = "PrecompiledWeb\localhost_2288\"
		Release.AspNetCompiler.Updateable = "true"
		Release.AspNetCompiler.ForceOverwrite = "true"
		Release.AspNetCompiler.FixedNames = "false"
		Release.AspNetCompiler.Debug = "False"
		VWDPort = "2288"
		SlnRelativePath = "..\APSWebFormdemo\"
		DefaultWebSiteLanguage = "Visual C#"
	EndProjectSection
EndProject
Project("{FAE04EC0-301F-11D3-BF4B-00C04F79EFBC}") = "StuContext", "E:\lql\ccoe\MyMusicStore\lql139\ASP.NET mvc\11.9form窗体\DataContext\StuContext.csproj", "{A0440BA6-DB55-4686-A347-F8C62E24AEDE}"
EndProject
Project("{FAE04EC0-301F-11D3-BF4B-00C04F79EFBC}") = "StuEntities", "E:\lql\ccoe\MyMusicStore\lql139\ASP.NET mvc\11.9form窗体\Emtities\StuEntities.csproj", "{073F808E-3FB2-43FB-95AE-8932FA9BF226}"
EndProject
Global
	GlobalSection(SolutionConfigurationPlatforms) = preSolution
		Debug|Any CPU = Debug|Any CPU
		Release|Any CPU = Release|Any CPU
	EndGlobalSection
	GlobalSection(ProjectConfigurationPlatforms) = postSolution
		{9ED21F6F-1815-4A9F-B99F-0CED0B9E3533}.Debug|Any CPU.ActiveCfg = Debug|Any CPU
		{9ED21F6F-1815-4A9F-B99F-0CED0B9E3533}.Debug|Any CPU.Build.0 = Debug|Any CPU
		{9ED21F6F-1815-4A9F-B99F-0CED0B9E3533}.Release|Any CPU.ActiveCfg = Debug|Any CPU
		{9ED21F6F-1815-4A9F-B99F-0CED0B9E3533}.Release|Any CPU.Build.0 = Debug|Any CPU
		{A0440BA6-DB55-4686-A347-F8C62E24AEDE}.Debug|Any CPU.ActiveCfg = Debug|Any CPU
		{A0440BA6-DB55-4686-A347-F8C62E24AEDE}.Debug|Any CPU.Build.0 = Debug|Any CPU
		{A0440BA6-DB55-4686-A347-F8C62E24AEDE}.Release|Any CPU.ActiveCfg = Release|Any CPU
		{A0440BA6-DB55-4686-A347-F8C62E24AEDE}.Release|Any CPU.Build.0 = Release|Any CPU
		{073F808E-3FB2-43FB-95AE-8932FA9BF226}.Debug|Any CPU.ActiveCfg = Debug|Any CPU
		{073F808E-3FB2-43FB-95AE-8932FA9BF226}.Debug|Any CPU.Build.0 = Debug|Any CPU
		{073F808E-3FB2-43FB-95AE-8932FA9BF226}.Release|Any CPU.ActiveCfg = Release|Any CPU
		{073F808E-3FB2-43FB-95AE-8932FA9BF226}.Release|Any CPU.Build.0 = Release|Any CPU
	EndGlobalSection
	GlobalSection(SolutionProperties) = preSolution
		HideSolutionNode = FALSE
	EndGlobalSection
EndGlobal
