
Microsoft Visual Studio Solution File, Format Version 12.00
# Visual Studio 14
VisualStudioVersion = 14.0.25420.1
MinimumVisualStudioVersion = 10.0.40219.1
Project("{FAE04EC0-301F-11D3-BF4B-00C04F79EFBC}") = "CodeFirst1108", "CodeFirst1108\CodeFirst1108.csproj", "{9C1A054C-EB45-42D6-9391-13AE92EB0850}"
EndProject
Global
	GlobalSection(SolutionConfigurationPlatforms) = preSolution
		Debug|Any CPU = Debug|Any CPU
		Release|Any CPU = Release|Any CPU
	EndGlobalSection
	GlobalSection(ProjectConfigurationPlatforms) = postSolution
		{9C1A054C-EB45-42D6-9391-13AE92EB0850}.Debug|Any CPU.ActiveCfg = Debug|Any CPU
		{9C1A054C-EB45-42D6-9391-13AE92EB0850}.Debug|Any CPU.Build.0 = Debug|Any CPU
		{9C1A054C-EB45-42D6-9391-13AE92EB0850}.Release|Any CPU.ActiveCfg = Release|Any CPU
		{9C1A054C-EB45-42D6-9391-13AE92EB0850}.Release|Any CPU.Build.0 = Release|Any CPU
	EndGlobalSection
	GlobalSection(SolutionProperties) = preSolution
		HideSolutionNode = FALSE
	EndGlobalSection
EndGlobal
