
Microsoft Visual Studio Solution File, Format Version 12.00
# Visual Studio 14
VisualStudioVersion = 14.0.25420.1
MinimumVisualStudioVersion = 10.0.40219.1
Project("{E24C65DC-7377-472B-9ABA-BC803B73C61A}") = "ASP.ENTWebForm", "ASP.ENTWebForm\", "{14F6EA68-00FF-404A-B3A9-30DAB6232D3F}"
	ProjectSection(WebsiteProperties) = preProject
		TargetFrameworkMoniker = ".NETFramework,Version%3Dv4.5.2"
		Debug.AspNetCompiler.VirtualPath = "/localhost_5047"
		Debug.AspNetCompiler.PhysicalPath = "ASP.ENTWebForm\"
		Debug.AspNetCompiler.TargetPath = "PrecompiledWeb\localhost_5047\"
		Debug.AspNetCompiler.Updateable = "true"
		Debug.AspNetCompiler.ForceOverwrite = "true"
		Debug.AspNetCompiler.FixedNames = "false"
		Debug.AspNetCompiler.Debug = "True"
		Release.AspNetCompiler.VirtualPath = "/localhost_5047"
		Release.AspNetCompiler.PhysicalPath = "ASP.ENTWebForm\"
		Release.AspNetCompiler.TargetPath = "PrecompiledWeb\localhost_5047\"
		Release.AspNetCompiler.Updateable = "true"
		Release.AspNetCompiler.ForceOverwrite = "true"
		Release.AspNetCompiler.FixedNames = "false"
		Release.AspNetCompiler.Debug = "False"
		VWDPort = "5047"
		SlnRelativePath = "ASP.ENTWebForm\"
	EndProjectSection
EndProject
Project("{FAE04EC0-301F-11D3-BF4B-00C04F79EFBC}") = "Entities", "Entities\Entities.csproj", "{DA7CE283-8785-49F4-9BAE-EC68131E8EA1}"
EndProject
Project("{FAE04EC0-301F-11D3-BF4B-00C04F79EFBC}") = "DataContext", "DataContext\DataContext.csproj", "{FA9CEE60-D35D-4D38-884C-C571B49AD6C3}"
EndProject
Global
	GlobalSection(SolutionConfigurationPlatforms) = preSolution
		Debug|Any CPU = Debug|Any CPU
		Release|Any CPU = Release|Any CPU
	EndGlobalSection
	GlobalSection(ProjectConfigurationPlatforms) = postSolution
		{14F6EA68-00FF-404A-B3A9-30DAB6232D3F}.Debug|Any CPU.ActiveCfg = Debug|Any CPU
		{14F6EA68-00FF-404A-B3A9-30DAB6232D3F}.Debug|Any CPU.Build.0 = Debug|Any CPU
		{14F6EA68-00FF-404A-B3A9-30DAB6232D3F}.Release|Any CPU.ActiveCfg = Debug|Any CPU
		{14F6EA68-00FF-404A-B3A9-30DAB6232D3F}.Release|Any CPU.Build.0 = Debug|Any CPU
		{DA7CE283-8785-49F4-9BAE-EC68131E8EA1}.Debug|Any CPU.ActiveCfg = Debug|Any CPU
		{DA7CE283-8785-49F4-9BAE-EC68131E8EA1}.Debug|Any CPU.Build.0 = Debug|Any CPU
		{DA7CE283-8785-49F4-9BAE-EC68131E8EA1}.Release|Any CPU.ActiveCfg = Release|Any CPU
		{DA7CE283-8785-49F4-9BAE-EC68131E8EA1}.Release|Any CPU.Build.0 = Release|Any CPU
		{FA9CEE60-D35D-4D38-884C-C571B49AD6C3}.Debug|Any CPU.ActiveCfg = Debug|Any CPU
		{FA9CEE60-D35D-4D38-884C-C571B49AD6C3}.Debug|Any CPU.Build.0 = Debug|Any CPU
		{FA9CEE60-D35D-4D38-884C-C571B49AD6C3}.Release|Any CPU.ActiveCfg = Release|Any CPU
		{FA9CEE60-D35D-4D38-884C-C571B49AD6C3}.Release|Any CPU.Build.0 = Release|Any CPU
	EndGlobalSection
	GlobalSection(SolutionProperties) = preSolution
		HideSolutionNode = FALSE
	EndGlobalSection
EndGlobal
