
Microsoft Visual Studio Solution File, Format Version 12.00
# Visual Studio 14
VisualStudioVersion = 14.0.25420.1
MinimumVisualStudioVersion = 10.0.40219.1
Project("{FAE04EC0-301F-11D3-BF4B-00C04F79EFBC}") = "SEntities", "Entities\SEntities.csproj", "{779C402D-9236-41D6-B0D2-FD66ECC7AAA6}"
EndProject
Project("{FAE04EC0-301F-11D3-BF4B-00C04F79EFBC}") = "SDataContext", "DataContext\SDataContext.csproj", "{13D5F935-71F7-4E12-81F2-1718208654E4}"
EndProject
Project("{E24C65DC-7377-472B-9ABA-BC803B73C61A}") = "Asp.netDemo(1)", "Asp.netDemo\", "{F58CDC08-63BB-483F-BE28-96C85A623D4D}"
	ProjectSection(WebsiteProperties) = preProject
		TargetFrameworkMoniker = ".NETFramework,Version%3Dv4.5.2"
		Debug.AspNetCompiler.VirtualPath = "/localhost_17272"
		Debug.AspNetCompiler.PhysicalPath = "Asp.netDemo\"
		Debug.AspNetCompiler.TargetPath = "PrecompiledWeb\localhost_17272\"
		Debug.AspNetCompiler.Updateable = "true"
		Debug.AspNetCompiler.ForceOverwrite = "true"
		Debug.AspNetCompiler.FixedNames = "false"
		Debug.AspNetCompiler.Debug = "True"
		Release.AspNetCompiler.VirtualPath = "/localhost_17272"
		Release.AspNetCompiler.PhysicalPath = "Asp.netDemo\"
		Release.AspNetCompiler.TargetPath = "PrecompiledWeb\localhost_17272\"
		Release.AspNetCompiler.Updateable = "true"
		Release.AspNetCompiler.ForceOverwrite = "true"
		Release.AspNetCompiler.FixedNames = "false"
		Release.AspNetCompiler.Debug = "False"
		VWDPort = "17272"
		SlnRelativePath = "Asp.netDemo\"
	EndProjectSection
EndProject
Global
	GlobalSection(SolutionConfigurationPlatforms) = preSolution
		Debug|Any CPU = Debug|Any CPU
		Release|Any CPU = Release|Any CPU
	EndGlobalSection
	GlobalSection(ProjectConfigurationPlatforms) = postSolution
		{779C402D-9236-41D6-B0D2-FD66ECC7AAA6}.Debug|Any CPU.ActiveCfg = Debug|Any CPU
		{779C402D-9236-41D6-B0D2-FD66ECC7AAA6}.Debug|Any CPU.Build.0 = Debug|Any CPU
		{779C402D-9236-41D6-B0D2-FD66ECC7AAA6}.Release|Any CPU.ActiveCfg = Release|Any CPU
		{779C402D-9236-41D6-B0D2-FD66ECC7AAA6}.Release|Any CPU.Build.0 = Release|Any CPU
		{13D5F935-71F7-4E12-81F2-1718208654E4}.Debug|Any CPU.ActiveCfg = Debug|Any CPU
		{13D5F935-71F7-4E12-81F2-1718208654E4}.Debug|Any CPU.Build.0 = Debug|Any CPU
		{13D5F935-71F7-4E12-81F2-1718208654E4}.Release|Any CPU.ActiveCfg = Release|Any CPU
		{13D5F935-71F7-4E12-81F2-1718208654E4}.Release|Any CPU.Build.0 = Release|Any CPU
		{F58CDC08-63BB-483F-BE28-96C85A623D4D}.Debug|Any CPU.ActiveCfg = Debug|Any CPU
		{F58CDC08-63BB-483F-BE28-96C85A623D4D}.Debug|Any CPU.Build.0 = Debug|Any CPU
		{F58CDC08-63BB-483F-BE28-96C85A623D4D}.Release|Any CPU.ActiveCfg = Debug|Any CPU
		{F58CDC08-63BB-483F-BE28-96C85A623D4D}.Release|Any CPU.Build.0 = Debug|Any CPU
	EndGlobalSection
	GlobalSection(SolutionProperties) = preSolution
		HideSolutionNode = FALSE
	EndGlobalSection
EndGlobal
