
Microsoft Visual Studio Solution File, Format Version 12.00
# Visual Studio 15
VisualStudioVersion = 15.0.28010.2050
MinimumVisualStudioVersion = 10.0.40219.1
Project("{FAE04EC0-301F-11D3-BF4B-00C04F79EFBC}") = "MvcDemo", "MvcDemo\MvcDemo.csproj", "{301DEF02-4263-4B82-A35A-379E5E2E609E}"
EndProject
Global
	GlobalSection(SolutionConfigurationPlatforms) = preSolution
		Debug|Any CPU = Debug|Any CPU
		Release|Any CPU = Release|Any CPU
	EndGlobalSection
	GlobalSection(ProjectConfigurationPlatforms) = postSolution
		{301DEF02-4263-4B82-A35A-379E5E2E609E}.Debug|Any CPU.ActiveCfg = Debug|Any CPU
		{301DEF02-4263-4B82-A35A-379E5E2E609E}.Debug|Any CPU.Build.0 = Debug|Any CPU
		{301DEF02-4263-4B82-A35A-379E5E2E609E}.Release|Any CPU.ActiveCfg = Release|Any CPU
		{301DEF02-4263-4B82-A35A-379E5E2E609E}.Release|Any CPU.Build.0 = Release|Any CPU
	EndGlobalSection
	GlobalSection(SolutionProperties) = preSolution
		HideSolutionNode = FALSE
	EndGlobalSection
	GlobalSection(ExtensibilityGlobals) = postSolution
		SolutionGuid = {761D3972-F0D9-499F-BB27-C0C0281340F2}
	EndGlobalSection
EndGlobal
