
Microsoft Visual Studio Solution File, Format Version 12.00
# Visual Studio 14
VisualStudioVersion = 14.0.25420.1
MinimumVisualStudioVersion = 10.0.40219.1
Project("{FAE04EC0-301F-11D3-BF4B-00C04F79EFBC}") = "MusicStoreEntity", "MusicStoreEntity\MusicStoreEntity.csproj", "{EABE39FE-C1F4-4B50-8D48-BB8883030D7A}"
EndProject
Project("{FAE04EC0-301F-11D3-BF4B-00C04F79EFBC}") = "MusicStore", "MusicStore\MusicStore.csproj", "{B5E15B9F-F0A8-42FC-8D5D-1DBB2AB24A35}"
EndProject
Global
	GlobalSection(SolutionConfigurationPlatforms) = preSolution
		Debug|Any CPU = Debug|Any CPU
		Release|Any CPU = Release|Any CPU
	EndGlobalSection
	GlobalSection(ProjectConfigurationPlatforms) = postSolution
		{EABE39FE-C1F4-4B50-8D48-BB8883030D7A}.Debug|Any CPU.ActiveCfg = Debug|Any CPU
		{EABE39FE-C1F4-4B50-8D48-BB8883030D7A}.Debug|Any CPU.Build.0 = Debug|Any CPU
		{EABE39FE-C1F4-4B50-8D48-BB8883030D7A}.Release|Any CPU.ActiveCfg = Release|Any CPU
		{EABE39FE-C1F4-4B50-8D48-BB8883030D7A}.Release|Any CPU.Build.0 = Release|Any CPU
		{B5E15B9F-F0A8-42FC-8D5D-1DBB2AB24A35}.Debug|Any CPU.ActiveCfg = Debug|Any CPU
		{B5E15B9F-F0A8-42FC-8D5D-1DBB2AB24A35}.Debug|Any CPU.Build.0 = Debug|Any CPU
		{B5E15B9F-F0A8-42FC-8D5D-1DBB2AB24A35}.Release|Any CPU.ActiveCfg = Release|Any CPU
		{B5E15B9F-F0A8-42FC-8D5D-1DBB2AB24A35}.Release|Any CPU.Build.0 = Release|Any CPU
	EndGlobalSection
	GlobalSection(SolutionProperties) = preSolution
		HideSolutionNode = FALSE
	EndGlobalSection
EndGlobal
