
Microsoft Visual Studio Solution File, Format Version 12.00
# Visual Studio 14
VisualStudioVersion = 14.0.25420.1
MinimumVisualStudioVersion = 10.0.40219.1
Project("{FAE04EC0-301F-11D3-BF4B-00C04F79EFBC}") = "MusicStoreEntity", "MusicStoreEntity\MusicStoreEntity.csproj", "{61925A41-B7B3-46CA-83FC-6F50D82867C5}"
EndProject
Project("{FAE04EC0-301F-11D3-BF4B-00C04F79EFBC}") = "MusicStore", "MusicStore\MusicStore.csproj", "{2BB5B2D9-11CA-415F-BF46-A493EC73D803}"
EndProject
Global
	GlobalSection(SolutionConfigurationPlatforms) = preSolution
		Debug|Any CPU = Debug|Any CPU
		Release|Any CPU = Release|Any CPU
	EndGlobalSection
	GlobalSection(ProjectConfigurationPlatforms) = postSolution
		{61925A41-B7B3-46CA-83FC-6F50D82867C5}.Debug|Any CPU.ActiveCfg = Debug|Any CPU
		{61925A41-B7B3-46CA-83FC-6F50D82867C5}.Debug|Any CPU.Build.0 = Debug|Any CPU
		{61925A41-B7B3-46CA-83FC-6F50D82867C5}.Release|Any CPU.ActiveCfg = Release|Any CPU
		{61925A41-B7B3-46CA-83FC-6F50D82867C5}.Release|Any CPU.Build.0 = Release|Any CPU
		{2BB5B2D9-11CA-415F-BF46-A493EC73D803}.Debug|Any CPU.ActiveCfg = Debug|Any CPU
		{2BB5B2D9-11CA-415F-BF46-A493EC73D803}.Debug|Any CPU.Build.0 = Debug|Any CPU
		{2BB5B2D9-11CA-415F-BF46-A493EC73D803}.Release|Any CPU.ActiveCfg = Release|Any CPU
		{2BB5B2D9-11CA-415F-BF46-A493EC73D803}.Release|Any CPU.Build.0 = Release|Any CPU
	EndGlobalSection
	GlobalSection(SolutionProperties) = preSolution
		HideSolutionNode = FALSE
	EndGlobalSection
EndGlobal
