
Microsoft Visual Studio Solution File, Format Version 12.00
# Visual Studio 15
VisualStudioVersion = 15.0.28010.2050
MinimumVisualStudioVersion = 10.0.40219.1
Project("{FAE04EC0-301F-11D3-BF4B-00C04F79EFBC}") = "DataContext", "DataContext\DataContext.csproj", "{B93809F7-AF42-4F05-B4A0-9D17BB2874F5}"
EndProject
Project("{FAE04EC0-301F-11D3-BF4B-00C04F79EFBC}") = "Entities", "Entities\Entities.csproj", "{9641BC42-68CD-48E1-8E69-3D09865021C5}"
EndProject
Project("{FAE04EC0-301F-11D3-BF4B-00C04F79EFBC}") = "ASPnetWebForm01", "ASPnetWebForm01\ASPnetWebForm01.csproj", "{83FAB53F-C21C-4A39-8CEE-8EA699581650}"
EndProject
Global
	GlobalSection(SolutionConfigurationPlatforms) = preSolution
		Debug|Any CPU = Debug|Any CPU
		Release|Any CPU = Release|Any CPU
	EndGlobalSection
	GlobalSection(ProjectConfigurationPlatforms) = postSolution
		{B93809F7-AF42-4F05-B4A0-9D17BB2874F5}.Debug|Any CPU.ActiveCfg = Debug|Any CPU
		{B93809F7-AF42-4F05-B4A0-9D17BB2874F5}.Debug|Any CPU.Build.0 = Debug|Any CPU
		{B93809F7-AF42-4F05-B4A0-9D17BB2874F5}.Release|Any CPU.ActiveCfg = Release|Any CPU
		{B93809F7-AF42-4F05-B4A0-9D17BB2874F5}.Release|Any CPU.Build.0 = Release|Any CPU
		{9641BC42-68CD-48E1-8E69-3D09865021C5}.Debug|Any CPU.ActiveCfg = Debug|Any CPU
		{9641BC42-68CD-48E1-8E69-3D09865021C5}.Debug|Any CPU.Build.0 = Debug|Any CPU
		{9641BC42-68CD-48E1-8E69-3D09865021C5}.Release|Any CPU.ActiveCfg = Release|Any CPU
		{9641BC42-68CD-48E1-8E69-3D09865021C5}.Release|Any CPU.Build.0 = Release|Any CPU
		{83FAB53F-C21C-4A39-8CEE-8EA699581650}.Debug|Any CPU.ActiveCfg = Debug|Any CPU
		{83FAB53F-C21C-4A39-8CEE-8EA699581650}.Debug|Any CPU.Build.0 = Debug|Any CPU
		{83FAB53F-C21C-4A39-8CEE-8EA699581650}.Release|Any CPU.ActiveCfg = Release|Any CPU
		{83FAB53F-C21C-4A39-8CEE-8EA699581650}.Release|Any CPU.Build.0 = Release|Any CPU
	EndGlobalSection
	GlobalSection(SolutionProperties) = preSolution
		HideSolutionNode = FALSE
	EndGlobalSection
	GlobalSection(ExtensibilityGlobals) = postSolution
		SolutionGuid = {0B78281D-E905-4CBF-9CEF-8E3DB44A3875}
	EndGlobalSection
EndGlobal
